// !$*UTF8*$!
{
	archiveVersion = 1;
	classes = {
	};
	objectVersion = 56;
	objects = {

/* Begin PBXBuildFile section */
		274B2CDC2B2A50A0008FEC1B /* MikeUI.docc in Sources */ = {isa = PBXBuildFile; fileRef = 274B2CDB2B2A50A0008FEC1B /* MikeUI.docc */; };
		274B2CE22B2A50A0008FEC1B /* MikeUI.framework in Frameworks */ = {isa = PBXBuildFile; fileRef = 274B2CD72B2A50A0008FEC1B /* MikeUI.framework */; };
		274B2CE72B2A50A0008FEC1B /* MikeUITests.swift in Sources */ = {isa = PBXBuildFile; fileRef = 274B2CE62B2A50A0008FEC1B /* MikeUITests.swift */; };
		274B2CE82B2A50A0008FEC1B /* MikeUI.h in Headers */ = {isa = PBXBuildFile; fileRef = 274B2CDA2B2A50A0008FEC1B /* MikeUI.h */; settings = {ATTRIBUTES = (Public, ); }; };
		274B2CFB2B2A50DC008FEC1B /* MikeButton.swift in Sources */ = {isa = PBXBuildFile; fileRef = 274B2CFA2B2A50DC008FEC1B /* MikeButton.swift */; };
		274B2D052B2A5374008FEC1B /* MikeFoundation.framework in Frameworks */ = {isa = PBXBuildFile; fileRef = 274B2D042B2A5374008FEC1B /* MikeFoundation.framework */; };
		274B2D062B2A5374008FEC1B /* MikeFoundation.framework in Embed Frameworks */ = {isa = PBXBuildFile; fileRef = 274B2D042B2A5374008FEC1B /* MikeFoundation.framework */; settings = {ATTRIBUTES = (CodeSignOnCopy, RemoveHeadersOnCopy, ); }; };
		274B2D092B2A5378008FEC1B /* MikeCore.framework in Frameworks */ = {isa = PBXBuildFile; fileRef = 274B2D082B2A5378008FEC1B /* MikeCore.framework */; };
		274B2D0A2B2A5378008FEC1B /* MikeCore.framework in Embed Frameworks */ = {isa = PBXBuildFile; fileRef = 274B2D082B2A5378008FEC1B /* MikeCore.framework */; settings = {ATTRIBUTES = (CodeSignOnCopy, RemoveHeadersOnCopy, ); }; };
/* End PBXBuildFile section */

/* Begin PBXContainerItemProxy section */
		274B2CE32B2A50A0008FEC1B /* PBXContainerItemProxy */ = {
			isa = PBXContainerItemProxy;
			containerPortal = 274B2CCE2B2A50A0008FEC1B /* Project object */;
			proxyType = 1;
			remoteGlobalIDString = 274B2CD62B2A50A0008FEC1B;
			remoteInfo = MikeUI;
		};
/* End PBXContainerItemProxy section */

/* Begin PBXCopyFilesBuildPhase section */
		274B2D072B2A5374008FEC1B /* Embed Frameworks */ = {
			isa = PBXCopyFilesBuildPhase;
			buildActionMask = 2147483647;
			dstPath = "";
			dstSubfolderSpec = 10;
			files = (
				274B2D062B2A5374008FEC1B /* MikeFoundation.framework in Embed Frameworks */,
				274B2D0A2B2A5378008FEC1B /* MikeCore.framework in Embed Frameworks */,
			);
			name = "Embed Frameworks";
			runOnlyForDeploymentPostprocessing = 0;
		};
/* End PBXCopyFilesBuildPhase section */

/* Begin PBXFileReference section */
		274B2CD72B2A50A0008FEC1B /* MikeUI.framework */ = {isa = PBXFileReference; explicitFileType = wrapper.framework; includeInIndex = 0; path = MikeUI.framework; sourceTree = BUILT_PRODUCTS_DIR; };
		274B2CDA2B2A50A0008FEC1B /* MikeUI.h */ = {isa = PBXFileReference; lastKnownFileType = sourcecode.c.h; path = MikeUI.h; sourceTree = "<group>"; };
		274B2CDB2B2A50A0008FEC1B /* MikeUI.docc */ = {isa = PBXFileReference; lastKnownFileType = folder.documentationcatalog; path = MikeUI.docc; sourceTree = "<group>"; };
		274B2CE12B2A50A0008FEC1B /* MikeUITests.xctest */ = {isa = PBXFileReference; explicitFileType = wrapper.cfbundle; includeInIndex = 0; path = MikeUITests.xctest; sourceTree = BUILT_PRODUCTS_DIR; };
		274B2CE62B2A50A0008FEC1B /* MikeUITests.swift */ = {isa = PBXFileReference; lastKnownFileType = sourcecode.swift; path = MikeUITests.swift; sourceTree = "<group>"; };
		274B2CFA2B2A50DC008FEC1B /* MikeButton.swift */ = {isa = PBXFileReference; lastKnownFileType = sourcecode.swift; path = MikeButton.swift; sourceTree = "<group>"; };
		274B2D042B2A5374008FEC1B /* MikeFoundation.framework */ = {isa = PBXFileReference; explicitFileType = wrapper.framework; path = MikeFoundation.framework; sourceTree = BUILT_PRODUCTS_DIR; };
		274B2D082B2A5378008FEC1B /* MikeCore.framework */ = {isa = PBXFileReference; explicitFileType = wrapper.framework; path = MikeCore.framework; sourceTree = BUILT_PRODUCTS_DIR; };
/* End PBXFileReference section */

/* Begin PBXFrameworksBuildPhase section */
		274B2CD42B2A50A0008FEC1B /* Frameworks */ = {
			isa = PBXFrameworksBuildPhase;
			buildActionMask = 2147483647;
			files = (
				274B2D052B2A5374008FEC1B /* MikeFoundation.framework in Frameworks */,
				274B2D092B2A5378008FEC1B /* MikeCore.framework in Frameworks */,
			);
			runOnlyForDeploymentPostprocessing = 0;
		};
		274B2CDE2B2A50A0008FEC1B /* Frameworks */ = {
			isa = PBXFrameworksBuildPhase;
			buildActionMask = 2147483647;
			files = (
				274B2CE22B2A50A0008FEC1B /* MikeUI.framework in Frameworks */,
			);
			runOnlyForDeploymentPostprocessing = 0;
		};
/* End PBXFrameworksBuildPhase section */

/* Begin PBXGroup section */
		274B2CCD2B2A50A0008FEC1B = {
			isa = PBXGroup;
			children = (
				274B2CFA2B2A50DC008FEC1B /* MikeButton.swift */,
				274B2CD92B2A50A0008FEC1B /* MikeUI */,
				274B2CE52B2A50A0008FEC1B /* MikeUITests */,
				274B2CD82B2A50A0008FEC1B /* Products */,
				274B2D032B2A5374008FEC1B /* Frameworks */,
			);
			sourceTree = "<group>";
		};
		274B2CD82B2A50A0008FEC1B /* Products */ = {
			isa = PBXGroup;
			children = (
				274B2CD72B2A50A0008FEC1B /* MikeUI.framework */,
				274B2CE12B2A50A0008FEC1B /* MikeUITests.xctest */,
			);
			name = Products;
			sourceTree = "<group>";
		};
		274B2CD92B2A50A0008FEC1B /* MikeUI */ = {
			isa = PBXGroup;
			children = (
				274B2CDA2B2A50A0008FEC1B /* MikeUI.h */,
				274B2CDB2B2A50A0008FEC1B /* MikeUI.docc */,
			);
			path = MikeUI;
			sourceTree = "<group>";
		};
		274B2CE52B2A50A0008FEC1B /* MikeUITests */ = {
			isa = PBXGroup;
			children = (
				274B2CE62B2A50A0008FEC1B /* MikeUITests.swift */,
			);
			path = MikeUITests;
			sourceTree = "<group>";
		};
		274B2D032B2A5374008FEC1B /* Frameworks */ = {
			isa = PBXGroup;
			children = (
				274B2D082B2A5378008FEC1B /* MikeCore.framework */,
				274B2D042B2A5374008FEC1B /* MikeFoundation.framework */,
			);
			name = Frameworks;
			sourceTree = "<group>";
		};
/* End PBXGroup section */

/* Begin PBXHeadersBuildPhase section */
		274B2CD22B2A50A0008FEC1B /* Headers */ = {
			isa = PBXHeadersBuildPhase;
			buildActionMask = 2147483647;
			files = (
				274B2CE82B2A50A0008FEC1B /* MikeUI.h in Headers */,
			);
			runOnlyForDeploymentPostprocessing = 0;
		};
/* End PBXHeadersBuildPhase section */

/* Begin PBXNativeTarget section */
		274B2CD62B2A50A0008FEC1B /* MikeUI */ = {
			isa = PBXNativeTarget;
			buildConfigurationList = 274B2CEB2B2A50A0008FEC1B /* Build configuration list for PBXNativeTarget "MikeUI" */;
			buildPhases = (
				274B2CD22B2A50A0008FEC1B /* Headers */,
				274B2CD32B2A50A0008FEC1B /* Sources */,
				274B2CD42B2A50A0008FEC1B /* Frameworks */,
				274B2CD52B2A50A0008FEC1B /* Resources */,
				274B2D072B2A5374008FEC1B /* Embed Frameworks */,
			);
			buildRules = (
			);
			dependencies = (
			);
			name = MikeUI;
			productName = MikeUI;
			productReference = 274B2CD72B2A50A0008FEC1B /* MikeUI.framework */;
			productType = "com.apple.product-type.framework";
		};
		274B2CE02B2A50A0008FEC1B /* MikeUITests */ = {
			isa = PBXNativeTarget;
			buildConfigurationList = 274B2CEE2B2A50A0008FEC1B /* Build configuration list for PBXNativeTarget "MikeUITests" */;
			buildPhases = (
				274B2CDD2B2A50A0008FEC1B /* Sources */,
				274B2CDE2B2A50A0008FEC1B /* Frameworks */,
				274B2CDF2B2A50A0008FEC1B /* Resources */,
			);
			buildRules = (
			);
			dependencies = (
				274B2CE42B2A50A0008FEC1B /* PBXTargetDependency */,
			);
			name = MikeUITests;
			productName = MikeUITests;
			productReference = 274B2CE12B2A50A0008FEC1B /* MikeUITests.xctest */;
			productType = "com.apple.product-type.bundle.unit-test";
		};
/* End PBXNativeTarget section */

/* Begin PBXProject section */
		274B2CCE2B2A50A0008FEC1B /* Project object */ = {
			isa = PBXProject;
			attributes = {
				BuildIndependentTargetsInParallel = 1;
				LastSwiftUpdateCheck = 1500;
				LastUpgradeCheck = 1500;
				TargetAttributes = {
					274B2CD62B2A50A0008FEC1B = {
						CreatedOnToolsVersion = 15.0.1;
					};
					274B2CE02B2A50A0008FEC1B = {
						CreatedOnToolsVersion = 15.0.1;
					};
				};
			};
			buildConfigurationList = 274B2CD12B2A50A0008FEC1B /* Build configuration list for PBXProject "MikeUI" */;
			compatibilityVersion = "Xcode 14.0";
			developmentRegion = en;
			hasScannedForEncodings = 0;
			knownRegions = (
				en,
				Base,
			);
			mainGroup = 274B2CCD2B2A50A0008FEC1B;
			productRefGroup = 274B2CD82B2A50A0008FEC1B /* Products */;
			projectDirPath = "";
			projectRoot = "";
			targets = (
				274B2CD62B2A50A0008FEC1B /* MikeUI */,
				274B2CE02B2A50A0008FEC1B /* MikeUITests */,
			);
		};
/* End PBXProject section */

/* Begin PBXResourcesBuildPhase section */
		274B2CD52B2A50A0008FEC1B /* Resources */ = {
			isa = PBXResourcesBuildPhase;
			buildActionMask = 2147483647;
			files = (
			);
			runOnlyForDeploymentPostprocessing = 0;
		};
		274B2CDF2B2A50A0008FEC1B /* Resources */ = {
			isa = PBXResourcesBuildPhase;
			buildActionMask = 2147483647;
			files = (
			);
			runOnlyForDeploymentPostprocessing = 0;
		};
/* End PBXResourcesBuildPhase section */

/* Begin PBXSourcesBuildPhase section */
		274B2CD32B2A50A0008FEC1B /* Sources */ = {
			isa = PBXSourcesBuildPhase;
			buildActionMask = 2147483647;
			files = (
				274B2CDC2B2A50A0008FEC1B /* MikeUI.docc in Sources */,
				274B2CFB2B2A50DC008FEC1B /* MikeButton.swift in Sources */,
			);
			runOnlyForDeploymentPostprocessing = 0;
		};
		274B2CDD2B2A50A0008FEC1B /* Sources */ = {
			isa = PBXSourcesBuildPhase;
			buildActionMask = 2147483647;
			files = (
				274B2CE72B2A50A0008FEC1B /* MikeUITests.swift in Sources */,
			);
			runOnlyForDeploymentPostprocessing = 0;
		};
/* End PBXSourcesBuildPhase section */

/* Begin PBXTargetDependency section */
		274B2CE42B2A50A0008FEC1B /* PBXTargetDependency */ = {
			isa = PBXTargetDependency;
			target = 274B2CD62B2A50A0008FEC1B /* MikeUI */;
			targetProxy = 274B2CE32B2A50A0008FEC1B /* PBXContainerItemProxy */;
		};
/* End PBXTargetDependency section */

/* Begin XCBuildConfiguration section */
		274B2CE92B2A50A0008FEC1B /* Debug */ = {
			isa = XCBuildConfiguration;
			buildSettings = {
				ALWAYS_SEARCH_USER_PATHS = NO;
				ASSETCATALOG_COMPILER_GENERATE_SWIFT_ASSET_SYMBOL_EXTENSIONS = YES;
				CLANG_ANALYZER_NONNULL = YES;
				CLANG_ANALYZER_NUMBER_OBJECT_CONVERSION = YES_AGGRESSIVE;
				CLANG_CXX_LANGUAGE_STANDARD = "gnu++20";
				CLANG_ENABLE_MODULES = YES;
				CLANG_ENABLE_OBJC_ARC = YES;
				CLANG_ENABLE_OBJC_WEAK = YES;
				CLANG_WARN_BLOCK_CAPTURE_AUTORELEASING = YES;
				CLANG_WARN_BOOL_CONVERSION = YES;
				CLANG_WARN_COMMA = YES;
				CLANG_WARN_CONSTANT_CONVERSION = YES;
				CLANG_WARN_DEPRECATED_OBJC_IMPLEMENTATIONS = YES;
				CLANG_WARN_DIRECT_OBJC_ISA_USAGE = YES_ERROR;
				CLANG_WARN_DOCUMENTATION_COMMENTS = YES;
				CLANG_WARN_EMPTY_BODY = YES;
				CLANG_WARN_ENUM_CONVERSION = YES;
				CLANG_WARN_INFINITE_RECURSION = YES;
				CLANG_WARN_INT_CONVERSION = YES;
				CLANG_WARN_NON_LITERAL_NULL_CONVERSION = YES;
				CLANG_WARN_OBJC_IMPLICIT_RETAIN_SELF = YES;
				CLANG_WARN_OBJC_LITERAL_CONVERSION = YES;
				CLANG_WARN_OBJC_ROOT_CLASS = YES_ERROR;
				CLANG_WARN_QUOTED_INCLUDE_IN_FRAMEWORK_HEADER = YES;
				CLANG_WARN_RANGE_LOOP_ANALYSIS = YES;
				CLANG_WARN_STRICT_PROTOTYPES = YES;
				CLANG_WARN_SUSPICIOUS_MOVE = YES;
				CLANG_WARN_UNGUARDED_AVAILABILITY = YES_AGGRESSIVE;
				CLANG_WARN_UNREACHABLE_CODE = YES;
				CLANG_WARN__DUPLICATE_METHOD_MATCH = YES;
				COPY_PHASE_STRIP = NO;
				CURRENT_PROJECT_VERSION = 1;
				DEBUG_INFORMATION_FORMAT = dwarf;
				ENABLE_STRICT_OBJC_MSGSEND = YES;
				ENABLE_TESTABILITY = YES;
				ENABLE_USER_SCRIPT_SANDBOXING = YES;
				GCC_C_LANGUAGE_STANDARD = gnu17;
				GCC_DYNAMIC_NO_PIC = NO;
				GCC_NO_COMMON_BLOCKS = YES;
				GCC_OPTIMIZATION_LEVEL = 0;
				GCC_PREPROCESSOR_DEFINITIONS = (
					"DEBUG=1",
					"$(inherited)",
				);
				GCC_WARN_64_TO_32_BIT_CONVERSION = YES;
				GCC_WARN_ABOUT_RETURN_TYPE = YES_ERROR;
				GCC_WARN_UNDECLARED_SELECTOR = YES;
				GCC_WARN_UNINITIALIZED_AUTOS = YES_AGGRESSIVE;
				GCC_WARN_UNUSED_FUNCTION = YES;
				GCC_WARN_UNUSED_VARIABLE = YES;
				IPHONEOS_DEPLOYMENT_TARGET = 17.0;
				LOCALIZATION_PREFERS_STRING_CATALOGS = YES;
				MTL_ENABLE_DEBUG_INFO = INCLUDE_SOURCE;
				MTL_FAST_MATH = YES;
				ONLY_ACTIVE_ARCH = YES;
				SDKROOT = iphoneos;
				SWIFT_ACTIVE_COMPILATION_CONDITIONS = "DEBUG $(inherited)";
				SWIFT_OPTIMIZATION_LEVEL = "-Onone";
				VERSIONING_SYSTEM = "apple-generic";
				VERSION_INFO_PREFIX = "";
			};
			name = Debug;
		};
		274B2CEA2B2A50A0008FEC1B /* Release */ = {
			isa = XCBuildConfiguration;
			buildSettings = {
				ALWAYS_SEARCH_USER_PATHS = NO;
				ASSETCATALOG_COMPILER_GENERATE_SWIFT_ASSET_SYMBOL_EXTENSIONS = YES;
				CLANG_ANALYZER_NONNULL = YES;
				CLANG_ANALYZER_NUMBER_OBJECT_CONVERSION = YES_AGGRESSIVE;
				CLANG_CXX_LANGUAGE_STANDARD = "gnu++20";
				CLANG_ENABLE_MODULES = YES;
				CLANG_ENABLE_OBJC_ARC = YES;
				CLANG_ENABLE_OBJC_WEAK = YES;
				CLANG_WARN_BLOCK_CAPTURE_AUTORELEASING = YES;
				CLANG_WARN_BOOL_CONVERSION = YES;
				CLANG_WARN_COMMA = YES;
				CLANG_WARN_CONSTANT_CONVERSION = YES;
				CLANG_WARN_DEPRECATED_OBJC_IMPLEMENTATIONS = YES;
				CLANG_WARN_DIRECT_OBJC_ISA_USAGE = YES_ERROR;
				CLANG_WARN_DOCUMENTATION_COMMENTS = YES;
				CLANG_WARN_EMPTY_BODY = YES;
				CLANG_WARN_ENUM_CONVERSION = YES;
				CLANG_WARN_INFINITE_RECURSION = YES;
				CLANG_WARN_INT_CONVERSION = YES;
				CLANG_WARN_NON_LITERAL_NULL_CONVERSION = YES;
				CLANG_WARN_OBJC_IMPLICIT_RETAIN_SELF = YES;
				CLANG_WARN_OBJC_LITERAL_CONVERSION = YES;
				CLANG_WARN_OBJC_ROOT_CLASS = YES_ERROR;
				CLANG_WARN_QUOTED_INCLUDE_IN_FRAMEWORK_HEADER = YES;
				CLANG_WARN_RANGE_LOOP_ANALYSIS = YES;
				CLANG_WARN_STRICT_PROTOTYPES = YES;
				CLANG_WARN_SUSPICIOUS_MOVE = YES;
				CLANG_WARN_UNGUARDED_AVAILABILITY = YES_AGGRESSIVE;
				CLANG_WARN_UNREACHABLE_CODE = YES;
				CLANG_WARN__DUPLICATE_METHOD_MATCH = YES;
				COPY_PHASE_STRIP = NO;
				CURRENT_PROJECT_VERSION = 1;
				DEBUG_INFORMATION_FORMAT = "dwarf-with-dsym";
				ENABLE_NS_ASSERTIONS = NO;
				ENABLE_STRICT_OBJC_MSGSEND = YES;
				ENABLE_USER_SCRIPT_SANDBOXING = YES;
				GCC_C_LANGUAGE_STANDARD = gnu17;
				GCC_NO_COMMON_BLOCKS = YES;
				GCC_WARN_64_TO_32_BIT_CONVERSION = YES;
				GCC_WARN_ABOUT_RETURN_TYPE = YES_ERROR;
				GCC_WARN_UNDECLARED_SELECTOR = YES;
				GCC_WARN_UNINITIALIZED_AUTOS = YES_AGGRESSIVE;
				GCC_WARN_UNUSED_FUNCTION = YES;
				GCC_WARN_UNUSED_VARIABLE = YES;
				IPHONEOS_DEPLOYMENT_TARGET = 17.0;
				LOCALIZATION_PREFERS_STRING_CATALOGS = YES;
				MTL_ENABLE_DEBUG_INFO = NO;
				MTL_FAST_MATH = YES;
				SDKROOT = iphoneos;
				SWIFT_COMPILATION_MODE = wholemodule;
				VALIDATE_PRODUCT = YES;
				VERSIONING_SYSTEM = "apple-generic";
				VERSION_INFO_PREFIX = "";
			};
			name = Release;
		};
		274B2CEC2B2A50A0008FEC1B /* Debug */ = {
			isa = XCBuildConfiguration;
			buildSettings = {
				CODE_SIGN_STYLE = Automatic;
				CURRENT_PROJECT_VERSION = 1;
				DEFINES_MODULE = YES;
				DYLIB_COMPATIBILITY_VERSION = 1;
				DYLIB_CURRENT_VERSION = 1;
				DYLIB_INSTALL_NAME_BASE = "@rpath";
				ENABLE_MODULE_VERIFIER = YES;
				GENERATE_INFOPLIST_FILE = YES;
				INFOPLIST_KEY_NSHumanReadableCopyright = "";
				INSTALL_PATH = "$(LOCAL_LIBRARY_DIR)/Frameworks";
				LD_RUNPATH_SEARCH_PATHS = (
					"$(inherited)",
					"@executable_path/Frameworks",
					"@loader_path/Frameworks",
				);
				MARKETING_VERSION = 1.0;
				MODULE_VERIFIER_SUPPORTED_LANGUAGES = "objective-c objective-c++";
				MODULE_VERIFIER_SUPPORTED_LANGUAGE_STANDARDS = "gnu17 gnu++20";
				PRODUCT_BUNDLE_IDENTIFIER = com.mdon.MikeUI;
				PRODUCT_NAME = "$(TARGET_NAME:c99extidentifier)";
				SKIP_INSTALL = YES;
				SWIFT_EMIT_LOC_STRINGS = YES;
				SWIFT_VERSION = 5.0;
				TARGETED_DEVICE_FAMILY = "1,2";
			};
			name = Debug;
		};
		274B2CED2B2A50A0008FEC1B /* Release */ = {
			isa = XCBuildConfiguration;
			buildSettings = {
				CODE_SIGN_STYLE = Automatic;
				CURRENT_PROJECT_VERSION = 1;
				DEFINES_MODULE = YES;
				DYLIB_COMPATIBILITY_VERSION = 1;
				DYLIB_CURRENT_VERSION = 1;
				DYLIB_INSTALL_NAME_BASE = "@rpath";
				ENABLE_MODULE_VERIFIER = YES;
				GENERATE_INFOPLIST_FILE = YES;
				INFOPLIST_KEY_NSHumanReadableCopyright = "";
				INSTALL_PATH = "$(LOCAL_LIBRARY_DIR)/Frameworks";
				LD_RUNPATH_SEARCH_PATHS = (
					"$(inherited)",
					"@executable_path/Frameworks",
					"@loader_path/Frameworks",
				);
				MARKETING_VERSION = 1.0;
				MODULE_VERIFIER_SUPPORTED_LANGUAGES = "objective-c objective-c++";
				MODULE_VERIFIER_SUPPORTED_LANGUAGE_STANDARDS = "gnu17 gnu++20";
				PRODUCT_BUNDLE_IDENTIFIER = com.mdon.MikeUI;
				PRODUCT_NAME = "$(TARGET_NAME:c99extidentifier)";
				SKIP_INSTALL = YES;
				SWIFT_EMIT_LOC_STRINGS = YES;
				SWIFT_VERSION = 5.0;
				TARGETED_DEVICE_FAMILY = "1,2";
			};
			name = Release;
		};
		274B2CEF2B2A50A0008FEC1B /* Debug */ = {
			isa = XCBuildConfiguration;
			buildSettings = {
				ALWAYS_EMBED_SWIFT_STANDARD_LIBRARIES = YES;
				CODE_SIGN_STYLE = Automatic;
				CURRENT_PROJECT_VERSION = 1;
				GENERATE_INFOPLIST_FILE = YES;
				MARKETING_VERSION = 1.0;
				PRODUCT_BUNDLE_IDENTIFIER = com.mdon.MikeUITests;
				PRODUCT_NAME = "$(TARGET_NAME)";
				SWIFT_EMIT_LOC_STRINGS = NO;
				SWIFT_VERSION = 5.0;
				TARGETED_DEVICE_FAMILY = "1,2";
			};
			name = Debug;
		};
		274B2CF02B2A50A0008FEC1B /* Release */ = {
			isa = XCBuildConfiguration;
			buildSettings = {
				ALWAYS_EMBED_SWIFT_STANDARD_LIBRARIES = YES;
				CODE_SIGN_STYLE = Automatic;
				CURRENT_PROJECT_VERSION = 1;
				GENERATE_INFOPLIST_FILE = YES;
				MARKETING_VERSION = 1.0;
				PRODUCT_BUNDLE_IDENTIFIER = com.mdon.MikeUITests;
				PRODUCT_NAME = "$(TARGET_NAME)";
				SWIFT_EMIT_LOC_STRINGS = NO;
				SWIFT_VERSION = 5.0;
				TARGETED_DEVICE_FAMILY = "1,2";
			};
			name = Release;
		};
/* End XCBuildConfiguration section */

/* Begin XCConfigurationList section */
		274B2CD12B2A50A0008FEC1B /* Build configuration list for PBXProject "MikeUI" */ = {
			isa = XCConfigurationList;
			buildConfigurations = (
				274B2CE92B2A50A0008FEC1B /* Debug */,
				274B2CEA2B2A50A0008FEC1B /* Release */,
			);
			defaultConfigurationIsVisible = 0;
			defaultConfigurationName = Release;
		};
		274B2CEB2B2A50A0008FEC1B /* Build configuration list for PBXNativeTarget "MikeUI" */ = {
			isa = XCConfigurationList;
			buildConfigurations = (
				274B2CEC2B2A50A0008FEC1B /* Debug */,
				274B2CED2B2A50A0008FEC1B /* Release */,
			);
			defaultConfigurationIsVisible = 0;
			defaultConfigurationName = Release;
		};
		274B2CEE2B2A50A0008FEC1B /* Build configuration list for PBXNativeTarget "MikeUITests" */ = {
			isa = XCConfigurationList;
			buildConfigurations = (
				274B2CEF2B2A50A0008FEC1B /* Debug */,
				274B2CF02B2A50A0008FEC1B /* Release */,
			);
			defaultConfigurationIsVisible = 0;
			defaultConfigurationName = Release;
		};
/* End XCConfigurationList section */
	};
	rootObject = 274B2CCE2B2A50A0008FEC1B /* Project object */;
}
